
Microsoft Visual Studio Solution File, Format Version 12.00
# Visual Studio Version 16
VisualStudioVersion = 16.0.29001.49
MinimumVisualStudioVersion = 10.0.40219.1
Project("{FAE04EC0-301F-11D3-BF4B-00C04F79EFBC}") = "Laske", "Laske\Laske.csproj", "{B122D977-CCBE-4B7B-8EAF-F16CE827C286}"
EndProject
Global
	GlobalSection(SolutionConfigurationPlatforms) = preSolution
		Debug|Any CPU = Debug|Any CPU
		Release|Any CPU = Release|Any CPU
	EndGlobalSection
	GlobalSection(ProjectConfigurationPlatforms) = postSolution
		{B122D977-CCBE-4B7B-8EAF-F16CE827C286}.Debug|Any CPU.ActiveCfg = Debug|Any CPU
		{B122D977-CCBE-4B7B-8EAF-F16CE827C286}.Debug|Any CPU.Build.0 = Debug|Any CPU
		{B122D977-CCBE-4B7B-8EAF-F16CE827C286}.Release|Any CPU.ActiveCfg = Release|Any CPU
		{B122D977-CCBE-4B7B-8EAF-F16CE827C286}.Release|Any CPU.Build.0 = Release|Any CPU
	EndGlobalSection
	GlobalSection(SolutionProperties) = preSolution
		HideSolutionNode = FALSE
	EndGlobalSection
	GlobalSection(ExtensibilityGlobals) = postSolution
		SolutionGuid = {4442ACCB-E0DA-4CC6-B672-1DAD6CAAC26A}
	EndGlobalSection
EndGlobal
